
Microsoft Visual Studio Solution File, Format Version 12.00
# Visual Studio Version 16
VisualStudioVersion = 16.0.31105.61
MinimumVisualStudioVersion = 10.0.40219.1
Project("{FAE04EC0-301F-11D3-BF4B-00C04F79EFBC}") = "SPOT", "SPOT.csproj", "{4CD6EE3E-7C09-4D53-9BD7-B6A725DCD9CE}"
EndProject
Global
	GlobalSection(SolutionConfigurationPlatforms) = preSolution
		Debug|Any CPU = Debug|Any CPU
		Release|Any CPU = Release|Any CPU
	EndGlobalSection
	GlobalSection(ProjectConfigurationPlatforms) = postSolution
		{4CD6EE3E-7C09-4D53-9BD7-B6A725DCD9CE}.Debug|Any CPU.ActiveCfg = Debug|Any CPU
		{4CD6EE3E-7C09-4D53-9BD7-B6A725DCD9CE}.Debug|Any CPU.Build.0 = Debug|Any CPU
		{4CD6EE3E-7C09-4D53-9BD7-B6A725DCD9CE}.Release|Any CPU.ActiveCfg = Release|Any CPU
		{4CD6EE3E-7C09-4D53-9BD7-B6A725DCD9CE}.Release|Any CPU.Build.0 = Release|Any CPU
	EndGlobalSection
	GlobalSection(SolutionProperties) = preSolution
		HideSolutionNode = FALSE
	EndGlobalSection
	GlobalSection(ExtensibilityGlobals) = postSolution
		SolutionGuid = {C02F20D3-A0BD-4B82-B7F4-96F7AB604EBC}
	EndGlobalSection
EndGlobal
